
Microsoft Visual Studio Solution File, Format Version 12.00
# Visual Studio Version 17
VisualStudioVersion = 17.3.32922.545
MinimumVisualStudioVersion = 10.0.40219.1
Project("{FAE04EC0-301F-11D3-BF4B-00C04F79EFBC}") = "MVC-demo", "MVC-demo\MVC-demo.csproj", "{804E2B4F-D62B-45B2-9554-EA40E0AC6CCF}"
EndProject
Global
	GlobalSection(SolutionConfigurationPlatforms) = preSolution
		Debug|Any CPU = Debug|Any CPU
		Release|Any CPU = Release|Any CPU
	EndGlobalSection
	GlobalSection(ProjectConfigurationPlatforms) = postSolution
		{804E2B4F-D62B-45B2-9554-EA40E0AC6CCF}.Debug|Any CPU.ActiveCfg = Debug|Any CPU
		{804E2B4F-D62B-45B2-9554-EA40E0AC6CCF}.Debug|Any CPU.Build.0 = Debug|Any CPU
		{804E2B4F-D62B-45B2-9554-EA40E0AC6CCF}.Release|Any CPU.ActiveCfg = Release|Any CPU
		{804E2B4F-D62B-45B2-9554-EA40E0AC6CCF}.Release|Any CPU.Build.0 = Release|Any CPU
	EndGlobalSection
	GlobalSection(SolutionProperties) = preSolution
		HideSolutionNode = FALSE
	EndGlobalSection
	GlobalSection(ExtensibilityGlobals) = postSolution
		SolutionGuid = {875D905B-6088-4E90-8339-0C3C9819C8A0}
	EndGlobalSection
EndGlobal
